{
  "nodes": {
    "nixpkgs": {
      "locked": {
        "lastModified": 1624989304,
        "narHash": "sha256-0JVbaG4f9TdjUXiJYe0W661rRDuMJKUMgQs9LP1l20U=",
        "owner": "NixOS",
        "repo": "nixpkgs",
        "rev": "e2508a8e57eb8a6478f2b39fc5c7106654cfea41",
        "type": "github"
      },
      "original": {
        "owner": "NixOS",
        "repo": "nixpkgs",
        "type": "github"
      }
    },
    "root": {
      "inputs": {
        "nixpkgs": "nixpkgs",
        "utils": "utils"
      }
    },
    "utils": {
      "locked": {
        "lastModified": 1623875721,
        "narHash": "sha256-A8BU7bjS5GirpAUv4QA+QnJ4CceLHkcXdRp4xITDB0s=",
        "owner": "numtide",
        "repo": "flake-utils",
        "rev": "f7e004a55b120c02ecb6219596820fcd32ca8772",
        "type": "github"
      },
      "original": {
        "owner": "numtide",
        "repo": "flake-utils",
        "type": "github"
      }
    }
  },
  "root": "root",
  "version": 7
}
